
Microsoft Visual Studio Solution File, Format Version 12.00
# Visual Studio Version 17
VisualStudioVersion = 17.0.32014.148
MinimumVisualStudioVersion = 10.0.40219.1
Project("{FAE04EC0-301F-11D3-BF4B-00C04F79EFBC}") = "Test", "Test\Test.csproj", "{11FCC087-4D09-4072-B7CE-1259F83695D0}"
EndProject
Project("{FAE04EC0-301F-11D3-BF4B-00C04F79EFBC}") = "ConsoleApp", "ConsoleApp\ConsoleApp.csproj", "{23F34AFB-5F84-4546-BF86-6AA9B5069991}"
EndProject
Global
	GlobalSection(SolutionConfigurationPlatforms) = preSolution
		Debug|Any CPU = Debug|Any CPU
		Release|Any CPU = Release|Any CPU
	EndGlobalSection
	GlobalSection(ProjectConfigurationPlatforms) = postSolution
		{11FCC087-4D09-4072-B7CE-1259F83695D0}.Debug|Any CPU.ActiveCfg = Debug|Any CPU
		{11FCC087-4D09-4072-B7CE-1259F83695D0}.Debug|Any CPU.Build.0 = Debug|Any CPU
		{11FCC087-4D09-4072-B7CE-1259F83695D0}.Release|Any CPU.ActiveCfg = Release|Any CPU
		{11FCC087-4D09-4072-B7CE-1259F83695D0}.Release|Any CPU.Build.0 = Release|Any CPU
		{23F34AFB-5F84-4546-BF86-6AA9B5069991}.Debug|Any CPU.ActiveCfg = Debug|Any CPU
		{23F34AFB-5F84-4546-BF86-6AA9B5069991}.Debug|Any CPU.Build.0 = Debug|Any CPU
		{23F34AFB-5F84-4546-BF86-6AA9B5069991}.Release|Any CPU.ActiveCfg = Release|Any CPU
		{23F34AFB-5F84-4546-BF86-6AA9B5069991}.Release|Any CPU.Build.0 = Release|Any CPU
	EndGlobalSection
	GlobalSection(SolutionProperties) = preSolution
		HideSolutionNode = FALSE
	EndGlobalSection
	GlobalSection(ExtensibilityGlobals) = postSolution
		SolutionGuid = {A01E032E-BF8C-492B-B065-3A4CC1A1B75C}
	EndGlobalSection
EndGlobal
